
Microsoft Visual Studio Solution File, Format Version 12.00
# Visual Studio Version 17
VisualStudioVersion = 17.14.36414.22 d17.14
MinimumVisualStudioVersion = 10.0.40219.1
Project("{FAE04EC0-301F-11D3-BF4B-00C04F79EFBC}") = "bai02", "bai02.csproj", "{5B98A5E0-8E18-4A2A-ABAE-F33BE72BCFFF}"
EndProject
Global
	GlobalSection(SolutionConfigurationPlatforms) = preSolution
		Debug|Any CPU = Debug|Any CPU
		Release|Any CPU = Release|Any CPU
	EndGlobalSection
	GlobalSection(ProjectConfigurationPlatforms) = postSolution
		{5B98A5E0-8E18-4A2A-ABAE-F33BE72BCFFF}.Debug|Any CPU.ActiveCfg = Debug|Any CPU
		{5B98A5E0-8E18-4A2A-ABAE-F33BE72BCFFF}.Debug|Any CPU.Build.0 = Debug|Any CPU
		{5B98A5E0-8E18-4A2A-ABAE-F33BE72BCFFF}.Release|Any CPU.ActiveCfg = Release|Any CPU
		{5B98A5E0-8E18-4A2A-ABAE-F33BE72BCFFF}.Release|Any CPU.Build.0 = Release|Any CPU
	EndGlobalSection
	GlobalSection(SolutionProperties) = preSolution
		HideSolutionNode = FALSE
	EndGlobalSection
	GlobalSection(ExtensibilityGlobals) = postSolution
		SolutionGuid = {F5F6A431-E8BB-4A28-B2D6-28F2FA7421B9}
	EndGlobalSection
EndGlobal
