
Microsoft Visual Studio Solution File, Format Version 12.00
# Visual Studio Version 17
VisualStudioVersion = 17.14.36414.22 d17.14
MinimumVisualStudioVersion = 10.0.40219.1
Project("{FAE04EC0-301F-11D3-BF4B-00C04F79EFBC}") = "bai3", "bai3.csproj", "{00D1EF2D-CDD6-47D5-A2A1-415B237B7B74}"
EndProject
Global
	GlobalSection(SolutionConfigurationPlatforms) = preSolution
		Debug|Any CPU = Debug|Any CPU
		Release|Any CPU = Release|Any CPU
	EndGlobalSection
	GlobalSection(ProjectConfigurationPlatforms) = postSolution
		{00D1EF2D-CDD6-47D5-A2A1-415B237B7B74}.Debug|Any CPU.ActiveCfg = Debug|Any CPU
		{00D1EF2D-CDD6-47D5-A2A1-415B237B7B74}.Debug|Any CPU.Build.0 = Debug|Any CPU
		{00D1EF2D-CDD6-47D5-A2A1-415B237B7B74}.Release|Any CPU.ActiveCfg = Release|Any CPU
		{00D1EF2D-CDD6-47D5-A2A1-415B237B7B74}.Release|Any CPU.Build.0 = Release|Any CPU
	EndGlobalSection
	GlobalSection(SolutionProperties) = preSolution
		HideSolutionNode = FALSE
	EndGlobalSection
	GlobalSection(ExtensibilityGlobals) = postSolution
		SolutionGuid = {CC6559AF-6F5B-4276-830F-2D252488BA95}
	EndGlobalSection
EndGlobal
